
Microsoft Visual Studio Solution File, Format Version 12.00
# Visual Studio Version 17
VisualStudioVersion = 17.0.32112.339
MinimumVisualStudioVersion = 10.0.40219.1
Project("{2150E333-8FDC-42A3-9474-1A3956D46DE8}") = "Documentation", "Documentation", "{02197DA7-3859-4919-98A7-4FAFC4D75F2B}"
EndProject
Project("{2150E333-8FDC-42A3-9474-1A3956D46DE8}") = "3.0", "3.0", "{D7A35FF1-9733-414A-BD78-D9355990B0A1}"
EndProject
Project("{2150E333-8FDC-42A3-9474-1A3956D46DE8}") = "Samples", "Samples", "{8A787F97-0171-4191-91C1-131FC2C305FE}"
EndProject
Project("{2150E333-8FDC-42A3-9474-1A3956D46DE8}") = "csharp", "csharp", "{D776FEB7-2D71-421D-BDE9-185206C30EF8}"
EndProject
Project("{2150E333-8FDC-42A3-9474-1A3956D46DE8}") = ".nuget", ".nuget", "{7021A59B-3A21-4FC8-A0AC-31F9D07A8A12}"
	ProjectSection(SolutionItems) = preProject
		.nuget\packages.config = .nuget\packages.config
	EndProjectSection
EndProject
Project("{2150E333-8FDC-42A3-9474-1A3956D46DE8}") = "2.5", "2.5", "{7763568C-3A7D-4E71-B39E-02B873489D74}"
EndProject
Project("{2150E333-8FDC-42A3-9474-1A3956D46DE8}") = "Samples", "Samples", "{0CA30610-4007-4E3F-BB8D-9FB614591434}"
EndProject
Project("{2150E333-8FDC-42A3-9474-1A3956D46DE8}") = "csharp", "csharp", "{3C509954-DF1A-4A2F-B256-2C87B19C7649}"
EndProject
Project("{2150E333-8FDC-42A3-9474-1A3956D46DE8}") = "2.0", "2.0", "{D530D980-D03F-4896-BAFE-EF2E1569EC63}"
EndProject
Project("{2150E333-8FDC-42A3-9474-1A3956D46DE8}") = "Samples", "Samples", "{AD733483-A64C-4836-A9E1-9170CCC9108A}"
EndProject
Project("{2150E333-8FDC-42A3-9474-1A3956D46DE8}") = "csharp", "csharp", "{3D1C4D5B-1953-4470-9375-2EBEFED5FDC4}"
EndProject
Project("{2150E333-8FDC-42A3-9474-1A3956D46DE8}") = "1.0", "1.0", "{CBB6E63F-A3E5-43CE-AA9B-5D8DA74E952B}"
EndProject
Project("{2150E333-8FDC-42A3-9474-1A3956D46DE8}") = "Samples", "Samples", "{A4CE106A-67B3-4928-AB3C-89910C5D9E13}"
EndProject
Project("{2150E333-8FDC-42A3-9474-1A3956D46DE8}") = "csharp", "csharp", "{6396C639-D4F6-42AA-8A63-7EC0383B96BF}"
EndProject
Project("{2150E333-8FDC-42A3-9474-1A3956D46DE8}") = "Articles", "Articles", "{B68D5DDD-4A94-4BC5-BCC9-A40C98515A6D}"
EndProject
Project("{2150E333-8FDC-42A3-9474-1A3956D46DE8}") = "3.5", "3.5", "{ED0F4CCE-F14D-4A81-8C53-ECC8001FDD80}"
EndProject
Project("{2150E333-8FDC-42A3-9474-1A3956D46DE8}") = "Samples", "Samples", "{08568D63-892E-4F9C-946B-1E6D8655501F}"
EndProject
Project("{2150E333-8FDC-42A3-9474-1A3956D46DE8}") = "csharp", "csharp", "{06E1B514-89F1-4DF6-B9CC-7A23EA1CA498}"
EndProject
Project("{2150E333-8FDC-42A3-9474-1A3956D46DE8}") = "4.0", "4.0", "{9F08F599-D7B1-489F-972A-C9404B7ECA61}"
EndProject
Project("{2150E333-8FDC-42A3-9474-1A3956D46DE8}") = "Samples", "Samples", "{F10F0B5D-E66E-4D22-950D-B06DB3320DD4}"
EndProject
Project("{2150E333-8FDC-42A3-9474-1A3956D46DE8}") = "csharp", "csharp", "{B901F3C3-12D9-4990-9516-DB9CE573B65A}"
EndProject
Project("{FAE04EC0-301F-11D3-BF4B-00C04F79EFBC}") = "Raven.Documentation.Articles", "Articles\Raven.Documentation.Articles\Raven.Documentation.Articles.csproj", "{33A7BA60-D2B1-44AC-A361-5CCABFAAA7FB}"
EndProject
Project("{FAE04EC0-301F-11D3-BF4B-00C04F79EFBC}") = "Raven.Documentation.Samples", "Documentation\1.0\Samples\csharp\Raven.Documentation.Samples\Raven.Documentation.Samples.csproj", "{932C1DB5-59B8-45F5-B89C-C26B28914D15}"
EndProject
Project("{FAE04EC0-301F-11D3-BF4B-00C04F79EFBC}") = "Raven.Documentation.Pages", "Documentation\1.0\Raven.Documentation.Pages\Raven.Documentation.Pages.csproj", "{FB1E86AE-BBD2-4E1E-B05C-A86E2E0FD5C7}"
EndProject
Project("{FAE04EC0-301F-11D3-BF4B-00C04F79EFBC}") = "Raven.Documentation.Pages", "Documentation\2.0\Raven.Documentation.Pages\Raven.Documentation.Pages.csproj", "{32945C5E-DF2D-474D-ABAB-C3305EE82B82}"
EndProject
Project("{FAE04EC0-301F-11D3-BF4B-00C04F79EFBC}") = "Raven.Documentation.Samples", "Documentation\2.0\Samples\csharp\Raven.Documentation.Samples\Raven.Documentation.Samples.csproj", "{21C1609E-440E-4513-A7CB-ADEB6E05A86B}"
EndProject
Project("{FAE04EC0-301F-11D3-BF4B-00C04F79EFBC}") = "Raven.Documentation.Samples", "Documentation\2.5\Samples\csharp\Raven.Documentation.Samples\Raven.Documentation.Samples.csproj", "{FBDB64AE-CFAD-4FD4-B9E0-18154BEB7B2A}"
EndProject
Project("{FAE04EC0-301F-11D3-BF4B-00C04F79EFBC}") = "Raven.Documentation.Pages", "Documentation\2.5\Raven.Documentation.Pages\Raven.Documentation.Pages.csproj", "{F0A9CDB1-CC1B-4021-A4E0-23E36E51D003}"
EndProject
Project("{FAE04EC0-301F-11D3-BF4B-00C04F79EFBC}") = "Raven.Documentation.Samples", "Documentation\3.0\Samples\csharp\Raven.Documentation.Samples\Raven.Documentation.Samples.csproj", "{419311FE-2A2A-43BA-9813-A096FDB6FE1B}"
EndProject
Project("{FAE04EC0-301F-11D3-BF4B-00C04F79EFBC}") = "Raven.Documentation.Pages", "Documentation\3.0\Raven.Documentation.Pages\Raven.Documentation.Pages.csproj", "{446905B5-6EF6-4603-95F9-93B649D35CE9}"
EndProject
Project("{FAE04EC0-301F-11D3-BF4B-00C04F79EFBC}") = "Raven.Documentation.Samples", "Documentation\3.5\Samples\csharp\Raven.Documentation.Samples\Raven.Documentation.Samples.csproj", "{B65FC166-6E4A-417D-A839-74CFC3DC00C2}"
EndProject
Project("{FAE04EC0-301F-11D3-BF4B-00C04F79EFBC}") = "Raven.Documentation.Pages", "Documentation\3.5\Raven.Documentation.Pages\Raven.Documentation.Pages.csproj", "{E2231393-3A44-4BD4-95C8-6D263C139C48}"
EndProject
Project("{9A19103F-16F7-4668-BE54-9A1E7A4F7556}") = "Raven.Documentation.Samples", "Documentation\4.0\Samples\csharp\Raven.Documentation.Samples\Raven.Documentation.Samples.csproj", "{4955D933-2032-4F99-A88E-4AE535AAF072}"
EndProject
Project("{9A19103F-16F7-4668-BE54-9A1E7A4F7556}") = "Raven.Documentation.Pages", "Documentation\4.0\Raven.Documentation.Pages\Raven.Documentation.Pages.csproj", "{5C0C6DF8-4E44-4985-B2FF-51A50364AF84}"
EndProject
Project("{FAE04EC0-301F-11D3-BF4B-00C04F79EFBC}") = "Raven.Documentation.Web", "Raven.Documentation.Web\Raven.Documentation.Web.csproj", "{735034F4-3E54-4D0A-BBC9-4A9B2B1DC1AA}"
EndProject
Project("{9A19103F-16F7-4668-BE54-9A1E7A4F7556}") = "Raven.Documentation.Web.Core", "Raven.Documentation.Web.Core\Raven.Documentation.Web.Core.csproj", "{2E8E4867-144F-4C2C-8041-6DF1D794DABC}"
EndProject
Project("{9A19103F-16F7-4668-BE54-9A1E7A4F7556}") = "Raven.Documentation.Parser", "Raven.Documentation.Parser\Raven.Documentation.Parser.csproj", "{7F36FD76-EE52-4D36-9A41-6A7DB277B863}"
EndProject
Project("{2150E333-8FDC-42A3-9474-1A3956D46DE8}") = "4.1", "4.1", "{0814AC92-CB2C-47F9-97EC-B4E5013708EB}"
EndProject
Project("{9A19103F-16F7-4668-BE54-9A1E7A4F7556}") = "Raven.Documentation.Pages", "Documentation\4.1\Raven.Documentation.Pages\Raven.Documentation.Pages.csproj", "{52351344-A017-4C8E-AF31-6879100E8865}"
EndProject
Project("{2150E333-8FDC-42A3-9474-1A3956D46DE8}") = "Samples", "Samples", "{0935EA0B-78DB-45F6-8576-133C2DCA2254}"
EndProject
Project("{2150E333-8FDC-42A3-9474-1A3956D46DE8}") = "csharp", "csharp", "{4581E048-399A-4F6F-88D0-946C078FA2D0}"
EndProject
Project("{9A19103F-16F7-4668-BE54-9A1E7A4F7556}") = "Raven.Documentation.Samples", "Documentation\4.1\Samples\csharp\Raven.Documentation.Samples\Raven.Documentation.Samples.csproj", "{8027C7AC-A56C-429A-8F51-A5DB62B61FD5}"
EndProject
Project("{2150E333-8FDC-42A3-9474-1A3956D46DE8}") = "python", "python", "{67166E1C-0FCE-4939-870F-D0E31AD42F9E}"
EndProject
Project("{2150E333-8FDC-42A3-9474-1A3956D46DE8}") = "server", "server", "{429B6842-05B1-41E8-A1A1-C74763B50317}"
	ProjectSection(SolutionItems) = preProject
		Documentation\4.1\Samples\python\server\embedded.py = Documentation\4.1\Samples\python\server\embedded.py
	EndProjectSection
EndProject
Project("{2150E333-8FDC-42A3-9474-1A3956D46DE8}") = "4.2", "4.2", "{03AA82D8-748F-4199-85D6-4AFCBDF8F6DF}"
EndProject
Project("{2150E333-8FDC-42A3-9474-1A3956D46DE8}") = "Samples", "Samples", "{FB80E5FF-87D4-448D-8704-AE287C3DA449}"
EndProject
Project("{2150E333-8FDC-42A3-9474-1A3956D46DE8}") = "csharp", "csharp", "{6FF20129-DB9F-4094-87E6-782D711989FD}"
EndProject
Project("{9A19103F-16F7-4668-BE54-9A1E7A4F7556}") = "Raven.Documentation.Samples", "Documentation\4.2\Samples\csharp\Raven.Documentation.Samples\Raven.Documentation.Samples.csproj", "{02CE4F85-00F0-4B26-BBAC-F91534F0F04E}"
EndProject
Project("{9A19103F-16F7-4668-BE54-9A1E7A4F7556}") = "Raven.Documentation.Pages", "Documentation\4.2\Raven.Documentation.Pages\Raven.Documentation.Pages.csproj", "{5B9CFCFB-FACC-4940-9BDC-4800A6CBDB0F}"
EndProject
Project("{2150E333-8FDC-42A3-9474-1A3956D46DE8}") = "python", "python", "{CC30DAD1-A797-476C-A45C-A2C78801C3A7}"
EndProject
Project("{2150E333-8FDC-42A3-9474-1A3956D46DE8}") = "clientapi", "clientapi", "{C88AC7B6-8A58-480E-BF84-78AE54158EEC}"
EndProject
Project("{2150E333-8FDC-42A3-9474-1A3956D46DE8}") = "session", "session", "{3685941D-AE26-4EDD-9082-E0B4D71AC5D9}"
	ProjectSection(SolutionItems) = preProject
		Documentation\4.0\Samples\python\clientapi\session\DeletingEntities.py = Documentation\4.0\Samples\python\clientapi\session\DeletingEntities.py
		Documentation\4.0\Samples\python\clientapi\session\LoadingEntities.py = Documentation\4.0\Samples\python\clientapi\session\LoadingEntities.py
		Documentation\4.0\Samples\python\clientapi\session\OpeningSession.py = Documentation\4.0\Samples\python\clientapi\session\OpeningSession.py
		Documentation\4.0\Samples\python\clientapi\session\SavingChanges.py = Documentation\4.0\Samples\python\clientapi\session\SavingChanges.py
		Documentation\4.0\Samples\python\clientapi\session\StoringEntities.py = Documentation\4.0\Samples\python\clientapi\session\StoringEntities.py
		Documentation\4.0\Samples\python\clientapi\session\WhatIsSession.py = Documentation\4.0\Samples\python\clientapi\session\WhatIsSession.py
	EndProjectSection
EndProject
Project("{2150E333-8FDC-42A3-9474-1A3956D46DE8}") = "clientapi", "clientapi", "{95B60E29-F453-4DC6-ABEC-0E48BC00269D}"
EndProject
Project("{2150E333-8FDC-42A3-9474-1A3956D46DE8}") = "session", "session", "{F136D675-74B8-4A9D-AD15-B04B7EE453AC}"
	ProjectSection(SolutionItems) = preProject
		Documentation\4.1\Samples\python\clientapi\session\OpeningSession.py = Documentation\4.1\Samples\python\clientapi\session\OpeningSession.py
	EndProjectSection
EndProject
Project("{9A19103F-16F7-4668-BE54-9A1E7A4F7556}") = "Raven.Documentation.Cli", "Raven.Documentation.Cli\Raven.Documentation.Cli.csproj", "{89952490-BFC8-4A90-8E39-C72A155730CF}"
EndProject
Project("{2150E333-8FDC-42A3-9474-1A3956D46DE8}") = "5.0", "5.0", "{C275FC50-F01D-4CC5-ABDC-5687200706E7}"
EndProject
Project("{2150E333-8FDC-42A3-9474-1A3956D46DE8}") = "Samples", "Samples", "{E159221C-89A9-4F63-9AFE-2DD2C82B79A4}"
EndProject
Project("{2150E333-8FDC-42A3-9474-1A3956D46DE8}") = "csharp", "csharp", "{EC8420BE-4026-4789-B198-088B2BC71442}"
EndProject
Project("{9A19103F-16F7-4668-BE54-9A1E7A4F7556}") = "Raven.Documentation.Samples", "Documentation\5.0\Samples\csharp\Raven.Documentation.Samples\Raven.Documentation.Samples.csproj", "{5527C2ED-78E3-4525-A856-B7F4F96D5CE1}"
EndProject
Project("{9A19103F-16F7-4668-BE54-9A1E7A4F7556}") = "Raven.Documentation.Pages", "Documentation\5.0\Raven.Documentation.Pages\Raven.Documentation.Pages.csproj", "{45A336B6-74A0-4579-AE6E-5BD4A424A813}"
EndProject
Project("{2150E333-8FDC-42A3-9474-1A3956D46DE8}") = "5.1", "5.1", "{028B20BB-5F16-45DB-9E36-47A37CB9469C}"
EndProject
Project("{2150E333-8FDC-42A3-9474-1A3956D46DE8}") = "Samples", "Samples", "{E70126D1-E4ED-42E7-A4CB-D3F96FC058F3}"
EndProject
Project("{2150E333-8FDC-42A3-9474-1A3956D46DE8}") = "csharp", "csharp", "{297690FE-078D-42F3-8A33-D234A6252CA7}"
EndProject
Project("{9A19103F-16F7-4668-BE54-9A1E7A4F7556}") = "Raven.Documentation.Samples", "Documentation\5.1\Samples\csharp\Raven.Documentation.Samples\Raven.Documentation.Samples.csproj", "{2003D834-3452-4FFD-A31F-947A9819BC58}"
EndProject
Project("{9A19103F-16F7-4668-BE54-9A1E7A4F7556}") = "Raven.Documentation.Pages", "Documentation\5.1\Raven.Documentation.Pages\Raven.Documentation.Pages.csproj", "{D93F5B83-2183-48B3-A688-88F453C5E1AA}"
EndProject
Project("{2150E333-8FDC-42A3-9474-1A3956D46DE8}") = "5.2", "5.2", "{4AAF6E0E-0B02-472A-9726-12AA667AF5C0}"
EndProject
Project("{9A19103F-16F7-4668-BE54-9A1E7A4F7556}") = "Raven.Documentation.Pages", "Documentation\5.2\Raven.Documentation.Pages\Raven.Documentation.Pages.csproj", "{37FE2E88-0D07-4862-B8E8-BC965830D6B4}"
EndProject
Project("{9A19103F-16F7-4668-BE54-9A1E7A4F7556}") = "Raven.Documentation.Samples", "Documentation\5.2\Samples\csharp\Raven.Documentation.Samples\Raven.Documentation.Samples.csproj", "{7DC468E6-04D1-4FD3-B00D-CCBA2F4F9B34}"
EndProject
Project("{2150E333-8FDC-42A3-9474-1A3956D46DE8}") = "Samples", "Samples", "{2C08722C-8A57-46DF-BA37-03B5869EED62}"
EndProject
Project("{2150E333-8FDC-42A3-9474-1A3956D46DE8}") = "csharp", "csharp", "{6A9BD12C-587E-418E-80A8-02D8E4FAFB37}"
EndProject
Project("{2150E333-8FDC-42A3-9474-1A3956D46DE8}") = "5.3", "5.3", "{AAE7C881-C376-4330-8A24-D7A5A2A6FAE5}"
EndProject
Project("{9A19103F-16F7-4668-BE54-9A1E7A4F7556}") = "Raven.Documentation.Pages", "Documentation\5.3\Raven.Documentation.Pages\Raven.Documentation.Pages.csproj", "{55D6FE20-DB06-4B96-B73C-3239656CA0E9}"
EndProject
Project("{2150E333-8FDC-42A3-9474-1A3956D46DE8}") = "Samples", "Samples", "{1D1C881F-F7B9-428A-A8D9-9DC22D979C5F}"
EndProject
Project("{2150E333-8FDC-42A3-9474-1A3956D46DE8}") = "csharp", "csharp", "{A43F2EEF-7F3D-4AA4-B405-A21642523662}"
EndProject
Project("{9A19103F-16F7-4668-BE54-9A1E7A4F7556}") = "Raven.Documentation.Samples", "Documentation\5.3\Samples\csharp\Raven.Documentation.Samples\Raven.Documentation.Samples.csproj", "{E3037014-0AA2-417C-89E3-DD8E5DCCA66F}"
EndProject
Project("{2150E333-8FDC-42A3-9474-1A3956D46DE8}") = "5.4", "5.4", "{EBB3A382-7F04-4B78-9AF1-B16658B343D5}"
EndProject
Project("{9A19103F-16F7-4668-BE54-9A1E7A4F7556}") = "Raven.Documentation.Pages", "Documentation\5.4\Raven.Documentation.Pages\Raven.Documentation.Pages.csproj", "{AB9F1ED1-ED92-4CA5-8D6E-965151CF9AED}"
EndProject
Project("{2150E333-8FDC-42A3-9474-1A3956D46DE8}") = "Samples", "Samples", "{CF4E4F41-F6C8-4061-BC50-866FE7724C46}"
EndProject
Project("{2150E333-8FDC-42A3-9474-1A3956D46DE8}") = "csharp", "csharp", "{63F09831-2DDD-42D5-8ECA-AE9BB22B6733}"
EndProject
Project("{9A19103F-16F7-4668-BE54-9A1E7A4F7556}") = "Raven.Documentation.Samples", "Documentation\5.4\Samples\csharp\Raven.Documentation.Samples\Raven.Documentation.Samples.csproj", "{AA058D8F-715B-4AA3-9D42-8D9E9BDB1CEF}"
EndProject
Project("{2150E333-8FDC-42A3-9474-1A3956D46DE8}") = "6.0", "6.0", "{C4CBC2BD-6184-44A6-9C81-E3F41D767CBB}"
EndProject
Project("{9A19103F-16F7-4668-BE54-9A1E7A4F7556}") = "Raven.Documentation.Pages", "Documentation\6.0\Raven.Documentation.Pages\Raven.Documentation.Pages.csproj", "{5A757E6E-9B67-4688-BE36-BB906E20F30E}"
EndProject
Project("{2150E333-8FDC-42A3-9474-1A3956D46DE8}") = "Samples", "Samples", "{0ADCEBD6-3525-400A-A99B-D89548389477}"
EndProject
Project("{2150E333-8FDC-42A3-9474-1A3956D46DE8}") = "csharp", "csharp", "{9C7EEE44-C0FA-449C-BEB4-6C85EF55F61E}"
EndProject
Project("{9A19103F-16F7-4668-BE54-9A1E7A4F7556}") = "Raven.Documentation.Samples", "Documentation\6.0\Samples\csharp\Raven.Documentation.Samples\Raven.Documentation.Samples.csproj", "{9F4B4370-0C08-45DE-B0E0-0ADEAD66F323}"
EndProject
Project("{2150E333-8FDC-42A3-9474-1A3956D46DE8}") = "6.1", "6.1", "{CD046076-3C5E-4457-91CF-E4CB7995B591}"
EndProject
Project("{9A19103F-16F7-4668-BE54-9A1E7A4F7556}") = "Raven.Documentation.Pages", "Documentation\6.1\Raven.Documentation.Pages\Raven.Documentation.Pages.csproj", "{B531335D-21DB-4CE7-ADB8-5E95116A2292}"
EndProject
Project("{2150E333-8FDC-42A3-9474-1A3956D46DE8}") = "Samples", "Samples", "{DB44720D-588F-44B4-BFF4-066016079E79}"
EndProject
Project("{2150E333-8FDC-42A3-9474-1A3956D46DE8}") = "csharp", "csharp", "{42AE309C-48F6-436E-8460-2CC47E7C3F79}"
EndProject
Project("{9A19103F-16F7-4668-BE54-9A1E7A4F7556}") = "Raven.Documentation.Samples", "Documentation\6.1\Samples\csharp\Raven.Documentation.Samples\Raven.Documentation.Samples.csproj", "{B8760E30-83F0-4BE6-8DC5-115EE9DD1AEC}"
EndProject
Global
	GlobalSection(SolutionConfigurationPlatforms) = preSolution
		Debug|Any CPU = Debug|Any CPU
		Release|Any CPU = Release|Any CPU
	EndGlobalSection
	GlobalSection(ProjectConfigurationPlatforms) = postSolution
		{33A7BA60-D2B1-44AC-A361-5CCABFAAA7FB}.Debug|Any CPU.ActiveCfg = Debug|Any CPU
		{33A7BA60-D2B1-44AC-A361-5CCABFAAA7FB}.Debug|Any CPU.Build.0 = Debug|Any CPU
		{33A7BA60-D2B1-44AC-A361-5CCABFAAA7FB}.Release|Any CPU.ActiveCfg = Release|Any CPU
		{33A7BA60-D2B1-44AC-A361-5CCABFAAA7FB}.Release|Any CPU.Build.0 = Release|Any CPU
		{932C1DB5-59B8-45F5-B89C-C26B28914D15}.Debug|Any CPU.ActiveCfg = Debug|Any CPU
		{932C1DB5-59B8-45F5-B89C-C26B28914D15}.Debug|Any CPU.Build.0 = Debug|Any CPU
		{932C1DB5-59B8-45F5-B89C-C26B28914D15}.Release|Any CPU.ActiveCfg = Release|Any CPU
		{932C1DB5-59B8-45F5-B89C-C26B28914D15}.Release|Any CPU.Build.0 = Release|Any CPU
		{FB1E86AE-BBD2-4E1E-B05C-A86E2E0FD5C7}.Debug|Any CPU.ActiveCfg = Debug|Any CPU
		{FB1E86AE-BBD2-4E1E-B05C-A86E2E0FD5C7}.Debug|Any CPU.Build.0 = Debug|Any CPU
		{FB1E86AE-BBD2-4E1E-B05C-A86E2E0FD5C7}.Release|Any CPU.ActiveCfg = Release|Any CPU
		{FB1E86AE-BBD2-4E1E-B05C-A86E2E0FD5C7}.Release|Any CPU.Build.0 = Release|Any CPU
		{32945C5E-DF2D-474D-ABAB-C3305EE82B82}.Debug|Any CPU.ActiveCfg = Debug|Any CPU
		{32945C5E-DF2D-474D-ABAB-C3305EE82B82}.Debug|Any CPU.Build.0 = Debug|Any CPU
		{32945C5E-DF2D-474D-ABAB-C3305EE82B82}.Release|Any CPU.ActiveCfg = Release|Any CPU
		{32945C5E-DF2D-474D-ABAB-C3305EE82B82}.Release|Any CPU.Build.0 = Release|Any CPU
		{21C1609E-440E-4513-A7CB-ADEB6E05A86B}.Debug|Any CPU.ActiveCfg = Debug|Any CPU
		{21C1609E-440E-4513-A7CB-ADEB6E05A86B}.Debug|Any CPU.Build.0 = Debug|Any CPU
		{21C1609E-440E-4513-A7CB-ADEB6E05A86B}.Release|Any CPU.ActiveCfg = Release|Any CPU
		{21C1609E-440E-4513-A7CB-ADEB6E05A86B}.Release|Any CPU.Build.0 = Release|Any CPU
		{FBDB64AE-CFAD-4FD4-B9E0-18154BEB7B2A}.Debug|Any CPU.ActiveCfg = Debug|Any CPU
		{FBDB64AE-CFAD-4FD4-B9E0-18154BEB7B2A}.Debug|Any CPU.Build.0 = Debug|Any CPU
		{FBDB64AE-CFAD-4FD4-B9E0-18154BEB7B2A}.Release|Any CPU.ActiveCfg = Release|Any CPU
		{FBDB64AE-CFAD-4FD4-B9E0-18154BEB7B2A}.Release|Any CPU.Build.0 = Release|Any CPU
		{F0A9CDB1-CC1B-4021-A4E0-23E36E51D003}.Debug|Any CPU.ActiveCfg = Debug|Any CPU
		{F0A9CDB1-CC1B-4021-A4E0-23E36E51D003}.Debug|Any CPU.Build.0 = Debug|Any CPU
		{F0A9CDB1-CC1B-4021-A4E0-23E36E51D003}.Release|Any CPU.ActiveCfg = Release|Any CPU
		{F0A9CDB1-CC1B-4021-A4E0-23E36E51D003}.Release|Any CPU.Build.0 = Release|Any CPU
		{419311FE-2A2A-43BA-9813-A096FDB6FE1B}.Debug|Any CPU.ActiveCfg = Debug|Any CPU
		{419311FE-2A2A-43BA-9813-A096FDB6FE1B}.Debug|Any CPU.Build.0 = Debug|Any CPU
		{419311FE-2A2A-43BA-9813-A096FDB6FE1B}.Release|Any CPU.ActiveCfg = Release|Any CPU
		{419311FE-2A2A-43BA-9813-A096FDB6FE1B}.Release|Any CPU.Build.0 = Release|Any CPU
		{446905B5-6EF6-4603-95F9-93B649D35CE9}.Debug|Any CPU.ActiveCfg = Debug|Any CPU
		{446905B5-6EF6-4603-95F9-93B649D35CE9}.Debug|Any CPU.Build.0 = Debug|Any CPU
		{446905B5-6EF6-4603-95F9-93B649D35CE9}.Release|Any CPU.ActiveCfg = Release|Any CPU
		{446905B5-6EF6-4603-95F9-93B649D35CE9}.Release|Any CPU.Build.0 = Release|Any CPU
		{B65FC166-6E4A-417D-A839-74CFC3DC00C2}.Debug|Any CPU.ActiveCfg = Debug|Any CPU
		{B65FC166-6E4A-417D-A839-74CFC3DC00C2}.Debug|Any CPU.Build.0 = Debug|Any CPU
		{B65FC166-6E4A-417D-A839-74CFC3DC00C2}.Release|Any CPU.ActiveCfg = Release|Any CPU
		{B65FC166-6E4A-417D-A839-74CFC3DC00C2}.Release|Any CPU.Build.0 = Release|Any CPU
		{E2231393-3A44-4BD4-95C8-6D263C139C48}.Debug|Any CPU.ActiveCfg = Debug|Any CPU
		{E2231393-3A44-4BD4-95C8-6D263C139C48}.Debug|Any CPU.Build.0 = Debug|Any CPU
		{E2231393-3A44-4BD4-95C8-6D263C139C48}.Release|Any CPU.ActiveCfg = Release|Any CPU
		{E2231393-3A44-4BD4-95C8-6D263C139C48}.Release|Any CPU.Build.0 = Release|Any CPU
		{4955D933-2032-4F99-A88E-4AE535AAF072}.Debug|Any CPU.ActiveCfg = Debug|Any CPU
		{4955D933-2032-4F99-A88E-4AE535AAF072}.Debug|Any CPU.Build.0 = Debug|Any CPU
		{4955D933-2032-4F99-A88E-4AE535AAF072}.Release|Any CPU.ActiveCfg = Release|Any CPU
		{4955D933-2032-4F99-A88E-4AE535AAF072}.Release|Any CPU.Build.0 = Release|Any CPU
		{5C0C6DF8-4E44-4985-B2FF-51A50364AF84}.Debug|Any CPU.ActiveCfg = Debug|Any CPU
		{5C0C6DF8-4E44-4985-B2FF-51A50364AF84}.Debug|Any CPU.Build.0 = Debug|Any CPU
		{5C0C6DF8-4E44-4985-B2FF-51A50364AF84}.Release|Any CPU.ActiveCfg = Release|Any CPU
		{5C0C6DF8-4E44-4985-B2FF-51A50364AF84}.Release|Any CPU.Build.0 = Release|Any CPU
		{735034F4-3E54-4D0A-BBC9-4A9B2B1DC1AA}.Debug|Any CPU.ActiveCfg = Debug|Any CPU
		{735034F4-3E54-4D0A-BBC9-4A9B2B1DC1AA}.Debug|Any CPU.Build.0 = Debug|Any CPU
		{735034F4-3E54-4D0A-BBC9-4A9B2B1DC1AA}.Release|Any CPU.ActiveCfg = Release|Any CPU
		{735034F4-3E54-4D0A-BBC9-4A9B2B1DC1AA}.Release|Any CPU.Build.0 = Release|Any CPU
		{2E8E4867-144F-4C2C-8041-6DF1D794DABC}.Debug|Any CPU.ActiveCfg = Debug|Any CPU
		{2E8E4867-144F-4C2C-8041-6DF1D794DABC}.Debug|Any CPU.Build.0 = Debug|Any CPU
		{2E8E4867-144F-4C2C-8041-6DF1D794DABC}.Release|Any CPU.ActiveCfg = Release|Any CPU
		{2E8E4867-144F-4C2C-8041-6DF1D794DABC}.Release|Any CPU.Build.0 = Release|Any CPU
		{7F36FD76-EE52-4D36-9A41-6A7DB277B863}.Debug|Any CPU.ActiveCfg = Debug|Any CPU
		{7F36FD76-EE52-4D36-9A41-6A7DB277B863}.Debug|Any CPU.Build.0 = Debug|Any CPU
		{7F36FD76-EE52-4D36-9A41-6A7DB277B863}.Release|Any CPU.ActiveCfg = Release|Any CPU
		{7F36FD76-EE52-4D36-9A41-6A7DB277B863}.Release|Any CPU.Build.0 = Release|Any CPU
		{52351344-A017-4C8E-AF31-6879100E8865}.Debug|Any CPU.ActiveCfg = Debug|Any CPU
		{52351344-A017-4C8E-AF31-6879100E8865}.Debug|Any CPU.Build.0 = Debug|Any CPU
		{52351344-A017-4C8E-AF31-6879100E8865}.Release|Any CPU.ActiveCfg = Release|Any CPU
		{52351344-A017-4C8E-AF31-6879100E8865}.Release|Any CPU.Build.0 = Release|Any CPU
		{8027C7AC-A56C-429A-8F51-A5DB62B61FD5}.Debug|Any CPU.ActiveCfg = Debug|Any CPU
		{8027C7AC-A56C-429A-8F51-A5DB62B61FD5}.Debug|Any CPU.Build.0 = Debug|Any CPU
		{8027C7AC-A56C-429A-8F51-A5DB62B61FD5}.Release|Any CPU.ActiveCfg = Release|Any CPU
		{8027C7AC-A56C-429A-8F51-A5DB62B61FD5}.Release|Any CPU.Build.0 = Release|Any CPU
		{02CE4F85-00F0-4B26-BBAC-F91534F0F04E}.Debug|Any CPU.ActiveCfg = Debug|Any CPU
		{02CE4F85-00F0-4B26-BBAC-F91534F0F04E}.Debug|Any CPU.Build.0 = Debug|Any CPU
		{02CE4F85-00F0-4B26-BBAC-F91534F0F04E}.Release|Any CPU.ActiveCfg = Release|Any CPU
		{02CE4F85-00F0-4B26-BBAC-F91534F0F04E}.Release|Any CPU.Build.0 = Release|Any CPU
		{5B9CFCFB-FACC-4940-9BDC-4800A6CBDB0F}.Debug|Any CPU.ActiveCfg = Debug|Any CPU
		{5B9CFCFB-FACC-4940-9BDC-4800A6CBDB0F}.Debug|Any CPU.Build.0 = Debug|Any CPU
		{5B9CFCFB-FACC-4940-9BDC-4800A6CBDB0F}.Release|Any CPU.ActiveCfg = Release|Any CPU
		{5B9CFCFB-FACC-4940-9BDC-4800A6CBDB0F}.Release|Any CPU.Build.0 = Release|Any CPU
		{89952490-BFC8-4A90-8E39-C72A155730CF}.Debug|Any CPU.ActiveCfg = Debug|Any CPU
		{89952490-BFC8-4A90-8E39-C72A155730CF}.Debug|Any CPU.Build.0 = Debug|Any CPU
		{89952490-BFC8-4A90-8E39-C72A155730CF}.Release|Any CPU.ActiveCfg = Release|Any CPU
		{89952490-BFC8-4A90-8E39-C72A155730CF}.Release|Any CPU.Build.0 = Release|Any CPU
		{5527C2ED-78E3-4525-A856-B7F4F96D5CE1}.Debug|Any CPU.ActiveCfg = Debug|Any CPU
		{5527C2ED-78E3-4525-A856-B7F4F96D5CE1}.Debug|Any CPU.Build.0 = Debug|Any CPU
		{5527C2ED-78E3-4525-A856-B7F4F96D5CE1}.Release|Any CPU.ActiveCfg = Release|Any CPU
		{5527C2ED-78E3-4525-A856-B7F4F96D5CE1}.Release|Any CPU.Build.0 = Release|Any CPU
		{45A336B6-74A0-4579-AE6E-5BD4A424A813}.Debug|Any CPU.ActiveCfg = Debug|Any CPU
		{45A336B6-74A0-4579-AE6E-5BD4A424A813}.Debug|Any CPU.Build.0 = Debug|Any CPU
		{45A336B6-74A0-4579-AE6E-5BD4A424A813}.Release|Any CPU.ActiveCfg = Release|Any CPU
		{45A336B6-74A0-4579-AE6E-5BD4A424A813}.Release|Any CPU.Build.0 = Release|Any CPU
		{2003D834-3452-4FFD-A31F-947A9819BC58}.Debug|Any CPU.ActiveCfg = Debug|Any CPU
		{2003D834-3452-4FFD-A31F-947A9819BC58}.Debug|Any CPU.Build.0 = Debug|Any CPU
		{2003D834-3452-4FFD-A31F-947A9819BC58}.Release|Any CPU.ActiveCfg = Release|Any CPU
		{2003D834-3452-4FFD-A31F-947A9819BC58}.Release|Any CPU.Build.0 = Release|Any CPU
		{D93F5B83-2183-48B3-A688-88F453C5E1AA}.Debug|Any CPU.ActiveCfg = Debug|Any CPU
		{D93F5B83-2183-48B3-A688-88F453C5E1AA}.Debug|Any CPU.Build.0 = Debug|Any CPU
		{D93F5B83-2183-48B3-A688-88F453C5E1AA}.Release|Any CPU.ActiveCfg = Release|Any CPU
		{D93F5B83-2183-48B3-A688-88F453C5E1AA}.Release|Any CPU.Build.0 = Release|Any CPU
		{37FE2E88-0D07-4862-B8E8-BC965830D6B4}.Debug|Any CPU.ActiveCfg = Debug|Any CPU
		{37FE2E88-0D07-4862-B8E8-BC965830D6B4}.Debug|Any CPU.Build.0 = Debug|Any CPU
		{37FE2E88-0D07-4862-B8E8-BC965830D6B4}.Release|Any CPU.ActiveCfg = Release|Any CPU
		{37FE2E88-0D07-4862-B8E8-BC965830D6B4}.Release|Any CPU.Build.0 = Release|Any CPU
		{7DC468E6-04D1-4FD3-B00D-CCBA2F4F9B34}.Debug|Any CPU.ActiveCfg = Debug|Any CPU
		{7DC468E6-04D1-4FD3-B00D-CCBA2F4F9B34}.Debug|Any CPU.Build.0 = Debug|Any CPU
		{7DC468E6-04D1-4FD3-B00D-CCBA2F4F9B34}.Release|Any CPU.ActiveCfg = Release|Any CPU
		{7DC468E6-04D1-4FD3-B00D-CCBA2F4F9B34}.Release|Any CPU.Build.0 = Release|Any CPU
		{55D6FE20-DB06-4B96-B73C-3239656CA0E9}.Debug|Any CPU.ActiveCfg = Debug|Any CPU
		{55D6FE20-DB06-4B96-B73C-3239656CA0E9}.Debug|Any CPU.Build.0 = Debug|Any CPU
		{55D6FE20-DB06-4B96-B73C-3239656CA0E9}.Release|Any CPU.ActiveCfg = Release|Any CPU
		{55D6FE20-DB06-4B96-B73C-3239656CA0E9}.Release|Any CPU.Build.0 = Release|Any CPU
		{E3037014-0AA2-417C-89E3-DD8E5DCCA66F}.Debug|Any CPU.ActiveCfg = Debug|Any CPU
		{E3037014-0AA2-417C-89E3-DD8E5DCCA66F}.Debug|Any CPU.Build.0 = Debug|Any CPU
		{E3037014-0AA2-417C-89E3-DD8E5DCCA66F}.Release|Any CPU.ActiveCfg = Release|Any CPU
		{E3037014-0AA2-417C-89E3-DD8E5DCCA66F}.Release|Any CPU.Build.0 = Release|Any CPU
		{AB9F1ED1-ED92-4CA5-8D6E-965151CF9AED}.Debug|Any CPU.ActiveCfg = Debug|Any CPU
		{AB9F1ED1-ED92-4CA5-8D6E-965151CF9AED}.Debug|Any CPU.Build.0 = Debug|Any CPU
		{AB9F1ED1-ED92-4CA5-8D6E-965151CF9AED}.Release|Any CPU.ActiveCfg = Release|Any CPU
		{AB9F1ED1-ED92-4CA5-8D6E-965151CF9AED}.Release|Any CPU.Build.0 = Release|Any CPU
		{AA058D8F-715B-4AA3-9D42-8D9E9BDB1CEF}.Debug|Any CPU.ActiveCfg = Debug|Any CPU
		{AA058D8F-715B-4AA3-9D42-8D9E9BDB1CEF}.Debug|Any CPU.Build.0 = Debug|Any CPU
		{AA058D8F-715B-4AA3-9D42-8D9E9BDB1CEF}.Release|Any CPU.ActiveCfg = Release|Any CPU
		{AA058D8F-715B-4AA3-9D42-8D9E9BDB1CEF}.Release|Any CPU.Build.0 = Release|Any CPU
		{5A757E6E-9B67-4688-BE36-BB906E20F30E}.Debug|Any CPU.ActiveCfg = Debug|Any CPU
		{5A757E6E-9B67-4688-BE36-BB906E20F30E}.Debug|Any CPU.Build.0 = Debug|Any CPU
		{5A757E6E-9B67-4688-BE36-BB906E20F30E}.Release|Any CPU.ActiveCfg = Release|Any CPU
		{5A757E6E-9B67-4688-BE36-BB906E20F30E}.Release|Any CPU.Build.0 = Release|Any CPU
		{9F4B4370-0C08-45DE-B0E0-0ADEAD66F323}.Debug|Any CPU.ActiveCfg = Debug|Any CPU
		{9F4B4370-0C08-45DE-B0E0-0ADEAD66F323}.Debug|Any CPU.Build.0 = Debug|Any CPU
		{9F4B4370-0C08-45DE-B0E0-0ADEAD66F323}.Release|Any CPU.ActiveCfg = Release|Any CPU
		{9F4B4370-0C08-45DE-B0E0-0ADEAD66F323}.Release|Any CPU.Build.0 = Release|Any CPU
		{B531335D-21DB-4CE7-ADB8-5E95116A2292}.Debug|Any CPU.ActiveCfg = Debug|Any CPU
		{B531335D-21DB-4CE7-ADB8-5E95116A2292}.Debug|Any CPU.Build.0 = Debug|Any CPU
		{B531335D-21DB-4CE7-ADB8-5E95116A2292}.Release|Any CPU.ActiveCfg = Release|Any CPU
		{B531335D-21DB-4CE7-ADB8-5E95116A2292}.Release|Any CPU.Build.0 = Release|Any CPU
		{B8760E30-83F0-4BE6-8DC5-115EE9DD1AEC}.Debug|Any CPU.ActiveCfg = Debug|Any CPU
		{B8760E30-83F0-4BE6-8DC5-115EE9DD1AEC}.Debug|Any CPU.Build.0 = Debug|Any CPU
		{B8760E30-83F0-4BE6-8DC5-115EE9DD1AEC}.Release|Any CPU.ActiveCfg = Release|Any CPU
		{B8760E30-83F0-4BE6-8DC5-115EE9DD1AEC}.Release|Any CPU.Build.0 = Release|Any CPU
	EndGlobalSection
	GlobalSection(SolutionProperties) = preSolution
		HideSolutionNode = FALSE
	EndGlobalSection
	GlobalSection(NestedProjects) = preSolution
		{D7A35FF1-9733-414A-BD78-D9355990B0A1} = {02197DA7-3859-4919-98A7-4FAFC4D75F2B}
		{8A787F97-0171-4191-91C1-131FC2C305FE} = {D7A35FF1-9733-414A-BD78-D9355990B0A1}
		{D776FEB7-2D71-421D-BDE9-185206C30EF8} = {8A787F97-0171-4191-91C1-131FC2C305FE}
		{7763568C-3A7D-4E71-B39E-02B873489D74} = {02197DA7-3859-4919-98A7-4FAFC4D75F2B}
		{0CA30610-4007-4E3F-BB8D-9FB614591434} = {7763568C-3A7D-4E71-B39E-02B873489D74}
		{3C509954-DF1A-4A2F-B256-2C87B19C7649} = {0CA30610-4007-4E3F-BB8D-9FB614591434}
		{D530D980-D03F-4896-BAFE-EF2E1569EC63} = {02197DA7-3859-4919-98A7-4FAFC4D75F2B}
		{AD733483-A64C-4836-A9E1-9170CCC9108A} = {D530D980-D03F-4896-BAFE-EF2E1569EC63}
		{3D1C4D5B-1953-4470-9375-2EBEFED5FDC4} = {AD733483-A64C-4836-A9E1-9170CCC9108A}
		{CBB6E63F-A3E5-43CE-AA9B-5D8DA74E952B} = {02197DA7-3859-4919-98A7-4FAFC4D75F2B}
		{A4CE106A-67B3-4928-AB3C-89910C5D9E13} = {CBB6E63F-A3E5-43CE-AA9B-5D8DA74E952B}
		{6396C639-D4F6-42AA-8A63-7EC0383B96BF} = {A4CE106A-67B3-4928-AB3C-89910C5D9E13}
		{ED0F4CCE-F14D-4A81-8C53-ECC8001FDD80} = {02197DA7-3859-4919-98A7-4FAFC4D75F2B}
		{08568D63-892E-4F9C-946B-1E6D8655501F} = {ED0F4CCE-F14D-4A81-8C53-ECC8001FDD80}
		{06E1B514-89F1-4DF6-B9CC-7A23EA1CA498} = {08568D63-892E-4F9C-946B-1E6D8655501F}
		{9F08F599-D7B1-489F-972A-C9404B7ECA61} = {02197DA7-3859-4919-98A7-4FAFC4D75F2B}
		{F10F0B5D-E66E-4D22-950D-B06DB3320DD4} = {9F08F599-D7B1-489F-972A-C9404B7ECA61}
		{B901F3C3-12D9-4990-9516-DB9CE573B65A} = {F10F0B5D-E66E-4D22-950D-B06DB3320DD4}
		{33A7BA60-D2B1-44AC-A361-5CCABFAAA7FB} = {B68D5DDD-4A94-4BC5-BCC9-A40C98515A6D}
		{932C1DB5-59B8-45F5-B89C-C26B28914D15} = {6396C639-D4F6-42AA-8A63-7EC0383B96BF}
		{FB1E86AE-BBD2-4E1E-B05C-A86E2E0FD5C7} = {CBB6E63F-A3E5-43CE-AA9B-5D8DA74E952B}
		{32945C5E-DF2D-474D-ABAB-C3305EE82B82} = {D530D980-D03F-4896-BAFE-EF2E1569EC63}
		{21C1609E-440E-4513-A7CB-ADEB6E05A86B} = {3D1C4D5B-1953-4470-9375-2EBEFED5FDC4}
		{FBDB64AE-CFAD-4FD4-B9E0-18154BEB7B2A} = {3C509954-DF1A-4A2F-B256-2C87B19C7649}
		{F0A9CDB1-CC1B-4021-A4E0-23E36E51D003} = {7763568C-3A7D-4E71-B39E-02B873489D74}
		{419311FE-2A2A-43BA-9813-A096FDB6FE1B} = {D776FEB7-2D71-421D-BDE9-185206C30EF8}
		{446905B5-6EF6-4603-95F9-93B649D35CE9} = {D7A35FF1-9733-414A-BD78-D9355990B0A1}
		{B65FC166-6E4A-417D-A839-74CFC3DC00C2} = {06E1B514-89F1-4DF6-B9CC-7A23EA1CA498}
		{E2231393-3A44-4BD4-95C8-6D263C139C48} = {ED0F4CCE-F14D-4A81-8C53-ECC8001FDD80}
		{4955D933-2032-4F99-A88E-4AE535AAF072} = {B901F3C3-12D9-4990-9516-DB9CE573B65A}
		{5C0C6DF8-4E44-4985-B2FF-51A50364AF84} = {9F08F599-D7B1-489F-972A-C9404B7ECA61}
		{0814AC92-CB2C-47F9-97EC-B4E5013708EB} = {02197DA7-3859-4919-98A7-4FAFC4D75F2B}
		{52351344-A017-4C8E-AF31-6879100E8865} = {0814AC92-CB2C-47F9-97EC-B4E5013708EB}
		{0935EA0B-78DB-45F6-8576-133C2DCA2254} = {0814AC92-CB2C-47F9-97EC-B4E5013708EB}
		{4581E048-399A-4F6F-88D0-946C078FA2D0} = {0935EA0B-78DB-45F6-8576-133C2DCA2254}
		{8027C7AC-A56C-429A-8F51-A5DB62B61FD5} = {4581E048-399A-4F6F-88D0-946C078FA2D0}
		{67166E1C-0FCE-4939-870F-D0E31AD42F9E} = {0935EA0B-78DB-45F6-8576-133C2DCA2254}
		{429B6842-05B1-41E8-A1A1-C74763B50317} = {67166E1C-0FCE-4939-870F-D0E31AD42F9E}
		{03AA82D8-748F-4199-85D6-4AFCBDF8F6DF} = {02197DA7-3859-4919-98A7-4FAFC4D75F2B}
		{FB80E5FF-87D4-448D-8704-AE287C3DA449} = {03AA82D8-748F-4199-85D6-4AFCBDF8F6DF}
		{6FF20129-DB9F-4094-87E6-782D711989FD} = {FB80E5FF-87D4-448D-8704-AE287C3DA449}
		{02CE4F85-00F0-4B26-BBAC-F91534F0F04E} = {6FF20129-DB9F-4094-87E6-782D711989FD}
		{5B9CFCFB-FACC-4940-9BDC-4800A6CBDB0F} = {03AA82D8-748F-4199-85D6-4AFCBDF8F6DF}
		{CC30DAD1-A797-476C-A45C-A2C78801C3A7} = {F10F0B5D-E66E-4D22-950D-B06DB3320DD4}
		{C88AC7B6-8A58-480E-BF84-78AE54158EEC} = {CC30DAD1-A797-476C-A45C-A2C78801C3A7}
		{3685941D-AE26-4EDD-9082-E0B4D71AC5D9} = {C88AC7B6-8A58-480E-BF84-78AE54158EEC}
		{95B60E29-F453-4DC6-ABEC-0E48BC00269D} = {67166E1C-0FCE-4939-870F-D0E31AD42F9E}
		{F136D675-74B8-4A9D-AD15-B04B7EE453AC} = {95B60E29-F453-4DC6-ABEC-0E48BC00269D}
		{C275FC50-F01D-4CC5-ABDC-5687200706E7} = {02197DA7-3859-4919-98A7-4FAFC4D75F2B}
		{E159221C-89A9-4F63-9AFE-2DD2C82B79A4} = {C275FC50-F01D-4CC5-ABDC-5687200706E7}
		{EC8420BE-4026-4789-B198-088B2BC71442} = {E159221C-89A9-4F63-9AFE-2DD2C82B79A4}
		{5527C2ED-78E3-4525-A856-B7F4F96D5CE1} = {EC8420BE-4026-4789-B198-088B2BC71442}
		{45A336B6-74A0-4579-AE6E-5BD4A424A813} = {C275FC50-F01D-4CC5-ABDC-5687200706E7}
		{028B20BB-5F16-45DB-9E36-47A37CB9469C} = {02197DA7-3859-4919-98A7-4FAFC4D75F2B}
		{E70126D1-E4ED-42E7-A4CB-D3F96FC058F3} = {028B20BB-5F16-45DB-9E36-47A37CB9469C}
		{297690FE-078D-42F3-8A33-D234A6252CA7} = {E70126D1-E4ED-42E7-A4CB-D3F96FC058F3}
		{2003D834-3452-4FFD-A31F-947A9819BC58} = {297690FE-078D-42F3-8A33-D234A6252CA7}
		{D93F5B83-2183-48B3-A688-88F453C5E1AA} = {028B20BB-5F16-45DB-9E36-47A37CB9469C}
		{4AAF6E0E-0B02-472A-9726-12AA667AF5C0} = {02197DA7-3859-4919-98A7-4FAFC4D75F2B}
		{37FE2E88-0D07-4862-B8E8-BC965830D6B4} = {4AAF6E0E-0B02-472A-9726-12AA667AF5C0}
		{7DC468E6-04D1-4FD3-B00D-CCBA2F4F9B34} = {6A9BD12C-587E-418E-80A8-02D8E4FAFB37}
		{2C08722C-8A57-46DF-BA37-03B5869EED62} = {4AAF6E0E-0B02-472A-9726-12AA667AF5C0}
		{6A9BD12C-587E-418E-80A8-02D8E4FAFB37} = {2C08722C-8A57-46DF-BA37-03B5869EED62}
		{AAE7C881-C376-4330-8A24-D7A5A2A6FAE5} = {02197DA7-3859-4919-98A7-4FAFC4D75F2B}
		{55D6FE20-DB06-4B96-B73C-3239656CA0E9} = {AAE7C881-C376-4330-8A24-D7A5A2A6FAE5}
		{1D1C881F-F7B9-428A-A8D9-9DC22D979C5F} = {AAE7C881-C376-4330-8A24-D7A5A2A6FAE5}
		{A43F2EEF-7F3D-4AA4-B405-A21642523662} = {1D1C881F-F7B9-428A-A8D9-9DC22D979C5F}
		{E3037014-0AA2-417C-89E3-DD8E5DCCA66F} = {A43F2EEF-7F3D-4AA4-B405-A21642523662}
		{EBB3A382-7F04-4B78-9AF1-B16658B343D5} = {02197DA7-3859-4919-98A7-4FAFC4D75F2B}
		{AB9F1ED1-ED92-4CA5-8D6E-965151CF9AED} = {EBB3A382-7F04-4B78-9AF1-B16658B343D5}
		{CF4E4F41-F6C8-4061-BC50-866FE7724C46} = {EBB3A382-7F04-4B78-9AF1-B16658B343D5}
		{63F09831-2DDD-42D5-8ECA-AE9BB22B6733} = {CF4E4F41-F6C8-4061-BC50-866FE7724C46}
		{AA058D8F-715B-4AA3-9D42-8D9E9BDB1CEF} = {63F09831-2DDD-42D5-8ECA-AE9BB22B6733}
		{C4CBC2BD-6184-44A6-9C81-E3F41D767CBB} = {02197DA7-3859-4919-98A7-4FAFC4D75F2B}
		{5A757E6E-9B67-4688-BE36-BB906E20F30E} = {C4CBC2BD-6184-44A6-9C81-E3F41D767CBB}
		{0ADCEBD6-3525-400A-A99B-D89548389477} = {C4CBC2BD-6184-44A6-9C81-E3F41D767CBB}
		{9C7EEE44-C0FA-449C-BEB4-6C85EF55F61E} = {0ADCEBD6-3525-400A-A99B-D89548389477}
		{9F4B4370-0C08-45DE-B0E0-0ADEAD66F323} = {9C7EEE44-C0FA-449C-BEB4-6C85EF55F61E}
		{CD046076-3C5E-4457-91CF-E4CB7995B591} = {02197DA7-3859-4919-98A7-4FAFC4D75F2B}
		{B531335D-21DB-4CE7-ADB8-5E95116A2292} = {CD046076-3C5E-4457-91CF-E4CB7995B591}
		{DB44720D-588F-44B4-BFF4-066016079E79} = {CD046076-3C5E-4457-91CF-E4CB7995B591}
		{42AE309C-48F6-436E-8460-2CC47E7C3F79} = {DB44720D-588F-44B4-BFF4-066016079E79}
		{B8760E30-83F0-4BE6-8DC5-115EE9DD1AEC} = {42AE309C-48F6-436E-8460-2CC47E7C3F79}
	EndGlobalSection
	GlobalSection(ExtensibilityGlobals) = postSolution
		SolutionGuid = {D4542080-0E46-4D6E-80B7-DCBFA1100C43}
	EndGlobalSection
EndGlobal
