
Microsoft Visual Studio Solution File, Format Version 12.00
# Visual Studio 2012
Project("{FAE04EC0-301F-11D3-BF4B-00C04F79EFBC}") = "Raven.Documentation.Database", "version_2_5\docs\Raven.Documentation.Database.csproj", "{D54628ED-FDCA-432A-986F-B7AC724C5033}"
EndProject
Project("{FAE04EC0-301F-11D3-BF4B-00C04F79EFBC}") = "RavenCodeSamples", "version_2_5\code-samples\RavenCodeSamples.csproj", "{21DD0BF7-310D-42FA-9F1E-3227AD25C365}"
EndProject
Global
	GlobalSection(SolutionConfigurationPlatforms) = preSolution
		Debug|Any CPU = Debug|Any CPU
		Release|Any CPU = Release|Any CPU
	EndGlobalSection
	GlobalSection(ProjectConfigurationPlatforms) = postSolution
		{D54628ED-FDCA-432A-986F-B7AC724C5033}.Debug|Any CPU.ActiveCfg = Debug|Any CPU
		{D54628ED-FDCA-432A-986F-B7AC724C5033}.Debug|Any CPU.Build.0 = Debug|Any CPU
		{D54628ED-FDCA-432A-986F-B7AC724C5033}.Release|Any CPU.ActiveCfg = Release|Any CPU
		{D54628ED-FDCA-432A-986F-B7AC724C5033}.Release|Any CPU.Build.0 = Release|Any CPU
		{21DD0BF7-310D-42FA-9F1E-3227AD25C365}.Debug|Any CPU.ActiveCfg = Debug|Any CPU
		{21DD0BF7-310D-42FA-9F1E-3227AD25C365}.Debug|Any CPU.Build.0 = Debug|Any CPU
		{21DD0BF7-310D-42FA-9F1E-3227AD25C365}.Release|Any CPU.ActiveCfg = Release|Any CPU
		{21DD0BF7-310D-42FA-9F1E-3227AD25C365}.Release|Any CPU.Build.0 = Release|Any CPU
	EndGlobalSection
	GlobalSection(SolutionProperties) = preSolution
		HideSolutionNode = FALSE
	EndGlobalSection
EndGlobal
