
Microsoft Visual Studio Solution File, Format Version 12.00
# Visual Studio 2012
Project("{FAE04EC0-301F-11D3-BF4B-00C04F79EFBC}") = "ApiKeys", "ApiKeys\ApiKeys.csproj", "{42FB829D-37E3-44D3-A79E-963CDD0B5F5E}"
EndProject
Global
	GlobalSection(SolutionConfigurationPlatforms) = preSolution
		Debug|Any CPU = Debug|Any CPU
		Release|Any CPU = Release|Any CPU
	EndGlobalSection
	GlobalSection(ProjectConfigurationPlatforms) = postSolution
		{42FB829D-37E3-44D3-A79E-963CDD0B5F5E}.Debug|Any CPU.ActiveCfg = Debug|Any CPU
		{42FB829D-37E3-44D3-A79E-963CDD0B5F5E}.Debug|Any CPU.Build.0 = Debug|Any CPU
		{42FB829D-37E3-44D3-A79E-963CDD0B5F5E}.Release|Any CPU.ActiveCfg = Release|Any CPU
		{42FB829D-37E3-44D3-A79E-963CDD0B5F5E}.Release|Any CPU.Build.0 = Release|Any CPU
	EndGlobalSection
	GlobalSection(SolutionProperties) = preSolution
		HideSolutionNode = FALSE
	EndGlobalSection
EndGlobal
